// !$*UTF8*$!
{
	archiveVersion = 1;
	classes = {
	};
	objectVersion = 56;
	objects = {

/* Begin PBXBuildFile section */
		4ACF97842A85EACD007A2DAE /* AppDelegate.swift in Sources */ = {isa = PBXBuildFile; fileRef = 4ACF97832A85EACD007A2DAE /* AppDelegate.swift */; };
		4ACF97862A85EACD007A2DAE /* SceneDelegate.swift in Sources */ = {isa = PBXBuildFile; fileRef = 4ACF97852A85EACD007A2DAE /* SceneDelegate.swift */; };
		4ACF97882A85EACD007A2DAE /* ViewController.swift in Sources */ = {isa = PBXBuildFile; fileRef = 4ACF97872A85EACD007A2DAE /* ViewController.swift */; };
		4ACF978B2A85EACD007A2DAE /* Main.storyboard in Resources */ = {isa = PBXBuildFile; fileRef = 4ACF97892A85EACD007A2DAE /* Main.storyboard */; };
		4ACF978D2A85EAD0007A2DAE /* Assets.xcassets in Resources */ = {isa = PBXBuildFile; fileRef = 4ACF978C2A85EAD0007A2DAE /* Assets.xcassets */; };
		4ACF97902A85EAD0007A2DAE /* LaunchScreen.storyboard in Resources */ = {isa = PBXBuildFile; fileRef = 4ACF978E2A85EAD0007A2DAE /* LaunchScreen.storyboard */; };
		4ACF979B2A85EAD0007A2DAE /* Networking_AssignmentTests.swift in Sources */ = {isa = PBXBuildFile; fileRef = 4ACF979A2A85EAD0007A2DAE /* Networking_AssignmentTests.swift */; };
		4ACF97A52A85EAD0007A2DAE /* Networking_AssignmentUITests.swift in Sources */ = {isa = PBXBuildFile; fileRef = 4ACF97A42A85EAD0007A2DAE /* Networking_AssignmentUITests.swift */; };
		4ACF97A72A85EAD0007A2DAE /* Networking_AssignmentUITestsLaunchTests.swift in Sources */ = {isa = PBXBuildFile; fileRef = 4ACF97A62A85EAD0007A2DAE /* Networking_AssignmentUITestsLaunchTests.swift */; };
/* End PBXBuildFile section */

/* Begin PBXContainerItemProxy section */
		4ACF97972A85EAD0007A2DAE /* PBXContainerItemProxy */ = {
			isa = PBXContainerItemProxy;
			containerPortal = 4ACF97782A85EACD007A2DAE /* Project object */;
			proxyType = 1;
			remoteGlobalIDString = 4ACF977F2A85EACD007A2DAE;
			remoteInfo = "Networking Assignment";
		};
		4ACF97A12A85EAD0007A2DAE /* PBXContainerItemProxy */ = {
			isa = PBXContainerItemProxy;
			containerPortal = 4ACF97782A85EACD007A2DAE /* Project object */;
			proxyType = 1;
			remoteGlobalIDString = 4ACF977F2A85EACD007A2DAE;
			remoteInfo = "Networking Assignment";
		};
/* End PBXContainerItemProxy section */

/* Begin PBXFileReference section */
		4ACF97802A85EACD007A2DAE /* Networking Assignment.app */ = {isa = PBXFileReference; explicitFileType = wrapper.application; includeInIndex = 0; path = "Networking Assignment.app"; sourceTree = BUILT_PRODUCTS_DIR; };
		4ACF97832A85EACD007A2DAE /* AppDelegate.swift */ = {isa = PBXFileReference; lastKnownFileType = sourcecode.swift; path = AppDelegate.swift; sourceTree = "<group>"; };
		4ACF97852A85EACD007A2DAE /* SceneDelegate.swift */ = {isa = PBXFileReference; lastKnownFileType = sourcecode.swift; path = SceneDelegate.swift; sourceTree = "<group>"; };
		4ACF97872A85EACD007A2DAE /* ViewController.swift */ = {isa = PBXFileReference; lastKnownFileType = sourcecode.swift; path = ViewController.swift; sourceTree = "<group>"; };
		4ACF978A2A85EACD007A2DAE /* Base */ = {isa = PBXFileReference; lastKnownFileType = file.storyboard; name = Base; path = Base.lproj/Main.storyboard; sourceTree = "<group>"; };
		4ACF978C2A85EAD0007A2DAE /* Assets.xcassets */ = {isa = PBXFileReference; lastKnownFileType = folder.assetcatalog; path = Assets.xcassets; sourceTree = "<group>"; };
		4ACF978F2A85EAD0007A2DAE /* Base */ = {isa = PBXFileReference; lastKnownFileType = file.storyboard; name = Base; path = Base.lproj/LaunchScreen.storyboard; sourceTree = "<group>"; };
		4ACF97912A85EAD0007A2DAE /* Info.plist */ = {isa = PBXFileReference; lastKnownFileType = text.plist.xml; path = Info.plist; sourceTree = "<group>"; };
		4ACF97962A85EAD0007A2DAE /* Networking AssignmentTests.xctest */ = {isa = PBXFileReference; explicitFileType = wrapper.cfbundle; includeInIndex = 0; path = "Networking AssignmentTests.xctest"; sourceTree = BUILT_PRODUCTS_DIR; };
		4ACF979A2A85EAD0007A2DAE /* Networking_AssignmentTests.swift */ = {isa = PBXFileReference; lastKnownFileType = sourcecode.swift; path = Networking_AssignmentTests.swift; sourceTree = "<group>"; };
		4ACF97A02A85EAD0007A2DAE /* Networking AssignmentUITests.xctest */ = {isa = PBXFileReference; explicitFileType = wrapper.cfbundle; includeInIndex = 0; path = "Networking AssignmentUITests.xctest"; sourceTree = BUILT_PRODUCTS_DIR; };
		4ACF97A42A85EAD0007A2DAE /* Networking_AssignmentUITests.swift */ = {isa = PBXFileReference; lastKnownFileType = sourcecode.swift; path = Networking_AssignmentUITests.swift; sourceTree = "<group>"; };
		4ACF97A62A85EAD0007A2DAE /* Networking_AssignmentUITestsLaunchTests.swift */ = {isa = PBXFileReference; lastKnownFileType = sourcecode.swift; path = Networking_AssignmentUITestsLaunchTests.swift; sourceTree = "<group>"; };
/* End PBXFileReference section */

/* Begin PBXFrameworksBuildPhase section */
		4ACF977D2A85EACD007A2DAE /* Frameworks */ = {
			isa = PBXFrameworksBuildPhase;
			buildActionMask = 2147483647;
			files = (
			);
			runOnlyForDeploymentPostprocessing = 0;
		};
		4ACF97932A85EAD0007A2DAE /* Frameworks */ = {
			isa = PBXFrameworksBuildPhase;
			buildActionMask = 2147483647;
			files = (
			);
			runOnlyForDeploymentPostprocessing = 0;
		};
		4ACF979D2A85EAD0007A2DAE /* Frameworks */ = {
			isa = PBXFrameworksBuildPhase;
			buildActionMask = 2147483647;
			files = (
			);
			runOnlyForDeploymentPostprocessing = 0;
		};
/* End PBXFrameworksBuildPhase section */

/* Begin PBXGroup section */
		4ACF97772A85EACD007A2DAE = {
			isa = PBXGroup;
			children = (
				4ACF97822A85EACD007A2DAE /* Networking Assignment */,
				4ACF97992A85EAD0007A2DAE /* Networking AssignmentTests */,
				4ACF97A32A85EAD0007A2DAE /* Networking AssignmentUITests */,
				4ACF97812A85EACD007A2DAE /* Products */,
			);
			sourceTree = "<group>";
		};
		4ACF97812A85EACD007A2DAE /* Products */ = {
			isa = PBXGroup;
			children = (
				4ACF97802A85EACD007A2DAE /* Networking Assignment.app */,
				4ACF97962A85EAD0007A2DAE /* Networking AssignmentTests.xctest */,
				4ACF97A02A85EAD0007A2DAE /* Networking AssignmentUITests.xctest */,
			);
			name = Products;
			sourceTree = "<group>";
		};
		4ACF97822A85EACD007A2DAE /* Networking Assignment */ = {
			isa = PBXGroup;
			children = (
				4ACF97832A85EACD007A2DAE /* AppDelegate.swift */,
				4ACF97852A85EACD007A2DAE /* SceneDelegate.swift */,
				4ACF97872A85EACD007A2DAE /* ViewController.swift */,
				4ACF97892A85EACD007A2DAE /* Main.storyboard */,
				4ACF978C2A85EAD0007A2DAE /* Assets.xcassets */,
				4ACF978E2A85EAD0007A2DAE /* LaunchScreen.storyboard */,
				4ACF97912A85EAD0007A2DAE /* Info.plist */,
			);
			path = "Networking Assignment";
			sourceTree = "<group>";
		};
		4ACF97992A85EAD0007A2DAE /* Networking AssignmentTests */ = {
			isa = PBXGroup;
			children = (
				4ACF979A2A85EAD0007A2DAE /* Networking_AssignmentTests.swift */,
			);
			path = "Networking AssignmentTests";
			sourceTree = "<group>";
		};
		4ACF97A32A85EAD0007A2DAE /* Networking AssignmentUITests */ = {
			isa = PBXGroup;
			children = (
				4ACF97A42A85EAD0007A2DAE /* Networking_AssignmentUITests.swift */,
				4ACF97A62A85EAD0007A2DAE /* Networking_AssignmentUITestsLaunchTests.swift */,
			);
			path = "Networking AssignmentUITests";
			sourceTree = "<group>";
		};
/* End PBXGroup section */

/* Begin PBXNativeTarget section */
		4ACF977F2A85EACD007A2DAE /* Networking Assignment */ = {
			isa = PBXNativeTarget;
			buildConfigurationList = 4ACF97AA2A85EAD0007A2DAE /* Build configuration list for PBXNativeTarget "Networking Assignment" */;
			buildPhases = (
				4ACF977C2A85EACD007A2DAE /* Sources */,
				4ACF977D2A85EACD007A2DAE /* Frameworks */,
				4ACF977E2A85EACD007A2DAE /* Resources */,
			);
			buildRules = (
			);
			dependencies = (
			);
			name = "Networking Assignment";
			productName = "Networking Assignment";
			productReference = 4ACF97802A85EACD007A2DAE /* Networking Assignment.app */;
			productType = "com.apple.product-type.application";
		};
		4ACF97952A85EAD0007A2DAE /* Networking AssignmentTests */ = {
			isa = PBXNativeTarget;
			buildConfigurationList = 4ACF97AD2A85EAD0007A2DAE /* Build configuration list for PBXNativeTarget "Networking AssignmentTests" */;
			buildPhases = (
				4ACF97922A85EAD0007A2DAE /* Sources */,
				4ACF97932A85EAD0007A2DAE /* Frameworks */,
				4ACF97942A85EAD0007A2DAE /* Resources */,
			);
			buildRules = (
			);
			dependencies = (
				4ACF97982A85EAD0007A2DAE /* PBXTargetDependency */,
			);
			name = "Networking AssignmentTests";
			productName = "Networking AssignmentTests";
			productReference = 4ACF97962A85EAD0007A2DAE /* Networking AssignmentTests.xctest */;
			productType = "com.apple.product-type.bundle.unit-test";
		};
		4ACF979F2A85EAD0007A2DAE /* Networking AssignmentUITests */ = {
			isa = PBXNativeTarget;
			buildConfigurationList = 4ACF97B02A85EAD0007A2DAE /* Build configuration list for PBXNativeTarget "Networking AssignmentUITests" */;
			buildPhases = (
				4ACF979C2A85EAD0007A2DAE /* Sources */,
				4ACF979D2A85EAD0007A2DAE /* Frameworks */,
				4ACF979E2A85EAD0007A2DAE /* Resources */,
			);
			buildRules = (
			);
			dependencies = (
				4ACF97A22A85EAD0007A2DAE /* PBXTargetDependency */,
			);
			name = "Networking AssignmentUITests";
			productName = "Networking AssignmentUITests";
			productReference = 4ACF97A02A85EAD0007A2DAE /* Networking AssignmentUITests.xctest */;
			productType = "com.apple.product-type.bundle.ui-testing";
		};
/* End PBXNativeTarget section */

/* Begin PBXProject section */
		4ACF97782A85EACD007A2DAE /* Project object */ = {
			isa = PBXProject;
			attributes = {
				BuildIndependentTargetsInParallel = 1;
				LastSwiftUpdateCheck = 1420;
				LastUpgradeCheck = 1420;
				TargetAttributes = {
					4ACF977F2A85EACD007A2DAE = {
						CreatedOnToolsVersion = 14.2;
					};
					4ACF97952A85EAD0007A2DAE = {
						CreatedOnToolsVersion = 14.2;
						TestTargetID = 4ACF977F2A85EACD007A2DAE;
					};
					4ACF979F2A85EAD0007A2DAE = {
						CreatedOnToolsVersion = 14.2;
						TestTargetID = 4ACF977F2A85EACD007A2DAE;
					};
				};
			};
			buildConfigurationList = 4ACF977B2A85EACD007A2DAE /* Build configuration list for PBXProject "Networking Assignment" */;
			compatibilityVersion = "Xcode 14.0";
			developmentRegion = en;
			hasScannedForEncodings = 0;
			knownRegions = (
				en,
				Base,
			);
			mainGroup = 4ACF97772A85EACD007A2DAE;
			productRefGroup = 4ACF97812A85EACD007A2DAE /* Products */;
			projectDirPath = "";
			projectRoot = "";
			targets = (
				4ACF977F2A85EACD007A2DAE /* Networking Assignment */,
				4ACF97952A85EAD0007A2DAE /* Networking AssignmentTests */,
				4ACF979F2A85EAD0007A2DAE /* Networking AssignmentUITests */,
			);
		};
/* End PBXProject section */

/* Begin PBXResourcesBuildPhase section */
		4ACF977E2A85EACD007A2DAE /* Resources */ = {
			isa = PBXResourcesBuildPhase;
			buildActionMask = 2147483647;
			files = (
				4ACF97902A85EAD0007A2DAE /* LaunchScreen.storyboard in Resources */,
				4ACF978D2A85EAD0007A2DAE /* Assets.xcassets in Resources */,
				4ACF978B2A85EACD007A2DAE /* Main.storyboard in Resources */,
			);
			runOnlyForDeploymentPostprocessing = 0;
		};
		4ACF97942A85EAD0007A2DAE /* Resources */ = {
			isa = PBXResourcesBuildPhase;
			buildActionMask = 2147483647;
			files = (
			);
			runOnlyForDeploymentPostprocessing = 0;
		};
		4ACF979E2A85EAD0007A2DAE /* Resources */ = {
			isa = PBXResourcesBuildPhase;
			buildActionMask = 2147483647;
			files = (
			);
			runOnlyForDeploymentPostprocessing = 0;
		};
/* End PBXResourcesBuildPhase section */

/* Begin PBXSourcesBuildPhase section */
		4ACF977C2A85EACD007A2DAE /* Sources */ = {
			isa = PBXSourcesBuildPhase;
			buildActionMask = 2147483647;
			files = (
				4ACF97882A85EACD007A2DAE /* ViewController.swift in Sources */,
				4ACF97842A85EACD007A2DAE /* AppDelegate.swift in Sources */,
				4ACF97862A85EACD007A2DAE /* SceneDelegate.swift in Sources */,
			);
			runOnlyForDeploymentPostprocessing = 0;
		};
		4ACF97922A85EAD0007A2DAE /* Sources */ = {
			isa = PBXSourcesBuildPhase;
			buildActionMask = 2147483647;
			files = (
				4ACF979B2A85EAD0007A2DAE /* Networking_AssignmentTests.swift in Sources */,
			);
			runOnlyForDeploymentPostprocessing = 0;
		};
		4ACF979C2A85EAD0007A2DAE /* Sources */ = {
			isa = PBXSourcesBuildPhase;
			buildActionMask = 2147483647;
			files = (
				4ACF97A52A85EAD0007A2DAE /* Networking_AssignmentUITests.swift in Sources */,
				4ACF97A72A85EAD0007A2DAE /* Networking_AssignmentUITestsLaunchTests.swift in Sources */,
			);
			runOnlyForDeploymentPostprocessing = 0;
		};
/* End PBXSourcesBuildPhase section */

/* Begin PBXTargetDependency section */
		4ACF97982A85EAD0007A2DAE /* PBXTargetDependency */ = {
			isa = PBXTargetDependency;
			target = 4ACF977F2A85EACD007A2DAE /* Networking Assignment */;
			targetProxy = 4ACF97972A85EAD0007A2DAE /* PBXContainerItemProxy */;
		};
		4ACF97A22A85EAD0007A2DAE /* PBXTargetDependency */ = {
			isa = PBXTargetDependency;
			target = 4ACF977F2A85EACD007A2DAE /* Networking Assignment */;
			targetProxy = 4ACF97A12A85EAD0007A2DAE /* PBXContainerItemProxy */;
		};
/* End PBXTargetDependency section */

/* Begin PBXVariantGroup section */
		4ACF97892A85EACD007A2DAE /* Main.storyboard */ = {
			isa = PBXVariantGroup;
			children = (
				4ACF978A2A85EACD007A2DAE /* Base */,
			);
			name = Main.storyboard;
			sourceTree = "<group>";
		};
		4ACF978E2A85EAD0007A2DAE /* LaunchScreen.storyboard */ = {
			isa = PBXVariantGroup;
			children = (
				4ACF978F2A85EAD0007A2DAE /* Base */,
			);
			name = LaunchScreen.storyboard;
			sourceTree = "<group>";
		};
/* End PBXVariantGroup section */

/* Begin XCBuildConfiguration section */
		4ACF97A82A85EAD0007A2DAE /* Debug */ = {
			isa = XCBuildConfiguration;
			buildSettings = {
				ALWAYS_SEARCH_USER_PATHS = NO;
				CLANG_ANALYZER_NONNULL = YES;
				CLANG_ANALYZER_NUMBER_OBJECT_CONVERSION = YES_AGGRESSIVE;
				CLANG_CXX_LANGUAGE_STANDARD = "gnu++20";
				CLANG_ENABLE_MODULES = YES;
				CLANG_ENABLE_OBJC_ARC = YES;
				CLANG_ENABLE_OBJC_WEAK = YES;
				CLANG_WARN_BLOCK_CAPTURE_AUTORELEASING = YES;
				CLANG_WARN_BOOL_CONVERSION = YES;
				CLANG_WARN_COMMA = YES;
				CLANG_WARN_CONSTANT_CONVERSION = YES;
				CLANG_WARN_DEPRECATED_OBJC_IMPLEMENTATIONS = YES;
				CLANG_WARN_DIRECT_OBJC_ISA_USAGE = YES_ERROR;
				CLANG_WARN_DOCUMENTATION_COMMENTS = YES;
				CLANG_WARN_EMPTY_BODY = YES;
				CLANG_WARN_ENUM_CONVERSION = YES;
				CLANG_WARN_INFINITE_RECURSION = YES;
				CLANG_WARN_INT_CONVERSION = YES;
				CLANG_WARN_NON_LITERAL_NULL_CONVERSION = YES;
				CLANG_WARN_OBJC_IMPLICIT_RETAIN_SELF = YES;
				CLANG_WARN_OBJC_LITERAL_CONVERSION = YES;
				CLANG_WARN_OBJC_ROOT_CLASS = YES_ERROR;
				CLANG_WARN_QUOTED_INCLUDE_IN_FRAMEWORK_HEADER = YES;
				CLANG_WARN_RANGE_LOOP_ANALYSIS = YES;
				CLANG_WARN_STRICT_PROTOTYPES = YES;
				CLANG_WARN_SUSPICIOUS_MOVE = YES;
				CLANG_WARN_UNGUARDED_AVAILABILITY = YES_AGGRESSIVE;
				CLANG_WARN_UNREACHABLE_CODE = YES;
				CLANG_WARN__DUPLICATE_METHOD_MATCH = YES;
				COPY_PHASE_STRIP = NO;
				DEBUG_INFORMATION_FORMAT = dwarf;
				ENABLE_STRICT_OBJC_MSGSEND = YES;
				ENABLE_TESTABILITY = YES;
				GCC_C_LANGUAGE_STANDARD = gnu11;
				GCC_DYNAMIC_NO_PIC = NO;
				GCC_NO_COMMON_BLOCKS = YES;
				GCC_OPTIMIZATION_LEVEL = 0;
				GCC_PREPROCESSOR_DEFINITIONS = (
					"DEBUG=1",
					"$(inherited)",
				);
				GCC_WARN_64_TO_32_BIT_CONVERSION = YES;
				GCC_WARN_ABOUT_RETURN_TYPE = YES_ERROR;
				GCC_WARN_UNDECLARED_SELECTOR = YES;
				GCC_WARN_UNINITIALIZED_AUTOS = YES_AGGRESSIVE;
				GCC_WARN_UNUSED_FUNCTION = YES;
				GCC_WARN_UNUSED_VARIABLE = YES;
				IPHONEOS_DEPLOYMENT_TARGET = 16.2;
				MTL_ENABLE_DEBUG_INFO = INCLUDE_SOURCE;
				MTL_FAST_MATH = YES;
				ONLY_ACTIVE_ARCH = YES;
				SDKROOT = iphoneos;
				SWIFT_ACTIVE_COMPILATION_CONDITIONS = DEBUG;
				SWIFT_OPTIMIZATION_LEVEL = "-Onone";
			};
			name = Debug;
		};
		4ACF97A92A85EAD0007A2DAE /* Release */ = {
			isa = XCBuildConfiguration;
			buildSettings = {
				ALWAYS_SEARCH_USER_PATHS = NO;
				CLANG_ANALYZER_NONNULL = YES;
				CLANG_ANALYZER_NUMBER_OBJECT_CONVERSION = YES_AGGRESSIVE;
				CLANG_CXX_LANGUAGE_STANDARD = "gnu++20";
				CLANG_ENABLE_MODULES = YES;
				CLANG_ENABLE_OBJC_ARC = YES;
				CLANG_ENABLE_OBJC_WEAK = YES;
				CLANG_WARN_BLOCK_CAPTURE_AUTORELEASING = YES;
				CLANG_WARN_BOOL_CONVERSION = YES;
				CLANG_WARN_COMMA = YES;
				CLANG_WARN_CONSTANT_CONVERSION = YES;
				CLANG_WARN_DEPRECATED_OBJC_IMPLEMENTATIONS = YES;
				CLANG_WARN_DIRECT_OBJC_ISA_USAGE = YES_ERROR;
				CLANG_WARN_DOCUMENTATION_COMMENTS = YES;
				CLANG_WARN_EMPTY_BODY = YES;
				CLANG_WARN_ENUM_CONVERSION = YES;
				CLANG_WARN_INFINITE_RECURSION = YES;
				CLANG_WARN_INT_CONVERSION = YES;
				CLANG_WARN_NON_LITERAL_NULL_CONVERSION = YES;
				CLANG_WARN_OBJC_IMPLICIT_RETAIN_SELF = YES;
				CLANG_WARN_OBJC_LITERAL_CONVERSION = YES;
				CLANG_WARN_OBJC_ROOT_CLASS = YES_ERROR;
				CLANG_WARN_QUOTED_INCLUDE_IN_FRAMEWORK_HEADER = YES;
				CLANG_WARN_RANGE_LOOP_ANALYSIS = YES;
				CLANG_WARN_STRICT_PROTOTYPES = YES;
				CLANG_WARN_SUSPICIOUS_MOVE = YES;
				CLANG_WARN_UNGUARDED_AVAILABILITY = YES_AGGRESSIVE;
				CLANG_WARN_UNREACHABLE_CODE = YES;
				CLANG_WARN__DUPLICATE_METHOD_MATCH = YES;
				COPY_PHASE_STRIP = NO;
				DEBUG_INFORMATION_FORMAT = "dwarf-with-dsym";
				ENABLE_NS_ASSERTIONS = NO;
				ENABLE_STRICT_OBJC_MSGSEND = YES;
				GCC_C_LANGUAGE_STANDARD = gnu11;
				GCC_NO_COMMON_BLOCKS = YES;
				GCC_WARN_64_TO_32_BIT_CONVERSION = YES;
				GCC_WARN_ABOUT_RETURN_TYPE = YES_ERROR;
				GCC_WARN_UNDECLARED_SELECTOR = YES;
				GCC_WARN_UNINITIALIZED_AUTOS = YES_AGGRESSIVE;
				GCC_WARN_UNUSED_FUNCTION = YES;
				GCC_WARN_UNUSED_VARIABLE = YES;
				IPHONEOS_DEPLOYMENT_TARGET = 16.2;
				MTL_ENABLE_DEBUG_INFO = NO;
				MTL_FAST_MATH = YES;
				SDKROOT = iphoneos;
				SWIFT_COMPILATION_MODE = wholemodule;
				SWIFT_OPTIMIZATION_LEVEL = "-O";
				VALIDATE_PRODUCT = YES;
			};
			name = Release;
		};
		4ACF97AB2A85EAD0007A2DAE /* Debug */ = {
			isa = XCBuildConfiguration;
			buildSettings = {
				ASSETCATALOG_COMPILER_APPICON_NAME = AppIcon;
				ASSETCATALOG_COMPILER_GLOBAL_ACCENT_COLOR_NAME = AccentColor;
				CODE_SIGN_STYLE = Automatic;
				CURRENT_PROJECT_VERSION = 1;
				GENERATE_INFOPLIST_FILE = YES;
				INFOPLIST_FILE = "Networking Assignment/Info.plist";
				INFOPLIST_KEY_UIApplicationSupportsIndirectInputEvents = YES;
				INFOPLIST_KEY_UILaunchStoryboardName = LaunchScreen;
				INFOPLIST_KEY_UIMainStoryboardFile = Main;
				INFOPLIST_KEY_UISupportedInterfaceOrientations_iPad = "UIInterfaceOrientationPortrait UIInterfaceOrientationPortraitUpsideDown UIInterfaceOrientationLandscapeLeft UIInterfaceOrientationLandscapeRight";
				INFOPLIST_KEY_UISupportedInterfaceOrientations_iPhone = "UIInterfaceOrientationPortrait UIInterfaceOrientationLandscapeLeft UIInterfaceOrientationLandscapeRight";
				LD_RUNPATH_SEARCH_PATHS = (
					"$(inherited)",
					"@executable_path/Frameworks",
				);
				MARKETING_VERSION = 1.0;
				PRODUCT_BUNDLE_IDENTIFIER = "com.chintan.Networking-Assignment";
				PRODUCT_NAME = "$(TARGET_NAME)";
				SWIFT_EMIT_LOC_STRINGS = YES;
				SWIFT_VERSION = 5.0;
				TARGETED_DEVICE_FAMILY = "1,2";
			};
			name = Debug;
		};
		4ACF97AC2A85EAD0007A2DAE /* Release */ = {
			isa = XCBuildConfiguration;
			buildSettings = {
				ASSETCATALOG_COMPILER_APPICON_NAME = AppIcon;
				ASSETCATALOG_COMPILER_GLOBAL_ACCENT_COLOR_NAME = AccentColor;
				CODE_SIGN_STYLE = Automatic;
				CURRENT_PROJECT_VERSION = 1;
				GENERATE_INFOPLIST_FILE = YES;
				INFOPLIST_FILE = "Networking Assignment/Info.plist";
				INFOPLIST_KEY_UIApplicationSupportsIndirectInputEvents = YES;
				INFOPLIST_KEY_UILaunchStoryboardName = LaunchScreen;
				INFOPLIST_KEY_UIMainStoryboardFile = Main;
				INFOPLIST_KEY_UISupportedInterfaceOrientations_iPad = "UIInterfaceOrientationPortrait UIInterfaceOrientationPortraitUpsideDown UIInterfaceOrientationLandscapeLeft UIInterfaceOrientationLandscapeRight";
				INFOPLIST_KEY_UISupportedInterfaceOrientations_iPhone = "UIInterfaceOrientationPortrait UIInterfaceOrientationLandscapeLeft UIInterfaceOrientationLandscapeRight";
				LD_RUNPATH_SEARCH_PATHS = (
					"$(inherited)",
					"@executable_path/Frameworks",
				);
				MARKETING_VERSION = 1.0;
				PRODUCT_BUNDLE_IDENTIFIER = "com.chintan.Networking-Assignment";
				PRODUCT_NAME = "$(TARGET_NAME)";
				SWIFT_EMIT_LOC_STRINGS = YES;
				SWIFT_VERSION = 5.0;
				TARGETED_DEVICE_FAMILY = "1,2";
			};
			name = Release;
		};
		4ACF97AE2A85EAD0007A2DAE /* Debug */ = {
			isa = XCBuildConfiguration;
			buildSettings = {
				ALWAYS_EMBED_SWIFT_STANDARD_LIBRARIES = YES;
				BUNDLE_LOADER = "$(TEST_HOST)";
				CODE_SIGN_STYLE = Automatic;
				CURRENT_PROJECT_VERSION = 1;
				GENERATE_INFOPLIST_FILE = YES;
				IPHONEOS_DEPLOYMENT_TARGET = 16.2;
				MARKETING_VERSION = 1.0;
				PRODUCT_BUNDLE_IDENTIFIER = "com.chintan.Networking-AssignmentTests";
				PRODUCT_NAME = "$(TARGET_NAME)";
				SWIFT_EMIT_LOC_STRINGS = NO;
				SWIFT_VERSION = 5.0;
				TARGETED_DEVICE_FAMILY = "1,2";
				TEST_HOST = "$(BUILT_PRODUCTS_DIR)/Networking Assignment.app/$(BUNDLE_EXECUTABLE_FOLDER_PATH)/Networking Assignment";
			};
			name = Debug;
		};
		4ACF97AF2A85EAD0007A2DAE /* Release */ = {
			isa = XCBuildConfiguration;
			buildSettings = {
				ALWAYS_EMBED_SWIFT_STANDARD_LIBRARIES = YES;
				BUNDLE_LOADER = "$(TEST_HOST)";
				CODE_SIGN_STYLE = Automatic;
				CURRENT_PROJECT_VERSION = 1;
				GENERATE_INFOPLIST_FILE = YES;
				IPHONEOS_DEPLOYMENT_TARGET = 16.2;
				MARKETING_VERSION = 1.0;
				PRODUCT_BUNDLE_IDENTIFIER = "com.chintan.Networking-AssignmentTests";
				PRODUCT_NAME = "$(TARGET_NAME)";
				SWIFT_EMIT_LOC_STRINGS = NO;
				SWIFT_VERSION = 5.0;
				TARGETED_DEVICE_FAMILY = "1,2";
				TEST_HOST = "$(BUILT_PRODUCTS_DIR)/Networking Assignment.app/$(BUNDLE_EXECUTABLE_FOLDER_PATH)/Networking Assignment";
			};
			name = Release;
		};
		4ACF97B12A85EAD0007A2DAE /* Debug */ = {
			isa = XCBuildConfiguration;
			buildSettings = {
				ALWAYS_EMBED_SWIFT_STANDARD_LIBRARIES = YES;
				CODE_SIGN_STYLE = Automatic;
				CURRENT_PROJECT_VERSION = 1;
				GENERATE_INFOPLIST_FILE = YES;
				MARKETING_VERSION = 1.0;
				PRODUCT_BUNDLE_IDENTIFIER = "com.chintan.Networking-AssignmentUITests";
				PRODUCT_NAME = "$(TARGET_NAME)";
				SWIFT_EMIT_LOC_STRINGS = NO;
				SWIFT_VERSION = 5.0;
				TARGETED_DEVICE_FAMILY = "1,2";
				TEST_TARGET_NAME = "Networking Assignment";
			};
			name = Debug;
		};
		4ACF97B22A85EAD0007A2DAE /* Release */ = {
			isa = XCBuildConfiguration;
			buildSettings = {
				ALWAYS_EMBED_SWIFT_STANDARD_LIBRARIES = YES;
				CODE_SIGN_STYLE = Automatic;
				CURRENT_PROJECT_VERSION = 1;
				GENERATE_INFOPLIST_FILE = YES;
				MARKETING_VERSION = 1.0;
				PRODUCT_BUNDLE_IDENTIFIER = "com.chintan.Networking-AssignmentUITests";
				PRODUCT_NAME = "$(TARGET_NAME)";
				SWIFT_EMIT_LOC_STRINGS = NO;
				SWIFT_VERSION = 5.0;
				TARGETED_DEVICE_FAMILY = "1,2";
				TEST_TARGET_NAME = "Networking Assignment";
			};
			name = Release;
		};
/* End XCBuildConfiguration section */

/* Begin XCConfigurationList section */
		4ACF977B2A85EACD007A2DAE /* Build configuration list for PBXProject "Networking Assignment" */ = {
			isa = XCConfigurationList;
			buildConfigurations = (
				4ACF97A82A85EAD0007A2DAE /* Debug */,
				4ACF97A92A85EAD0007A2DAE /* Release */,
			);
			defaultConfigurationIsVisible = 0;
			defaultConfigurationName = Release;
		};
		4ACF97AA2A85EAD0007A2DAE /* Build configuration list for PBXNativeTarget "Networking Assignment" */ = {
			isa = XCConfigurationList;
			buildConfigurations = (
				4ACF97AB2A85EAD0007A2DAE /* Debug */,
				4ACF97AC2A85EAD0007A2DAE /* Release */,
			);
			defaultConfigurationIsVisible = 0;
			defaultConfigurationName = Release;
		};
		4ACF97AD2A85EAD0007A2DAE /* Build configuration list for PBXNativeTarget "Networking AssignmentTests" */ = {
			isa = XCConfigurationList;
			buildConfigurations = (
				4ACF97AE2A85EAD0007A2DAE /* Debug */,
				4ACF97AF2A85EAD0007A2DAE /* Release */,
			);
			defaultConfigurationIsVisible = 0;
			defaultConfigurationName = Release;
		};
		4ACF97B02A85EAD0007A2DAE /* Build configuration list for PBXNativeTarget "Networking AssignmentUITests" */ = {
			isa = XCConfigurationList;
			buildConfigurations = (
				4ACF97B12A85EAD0007A2DAE /* Debug */,
				4ACF97B22A85EAD0007A2DAE /* Release */,
			);
			defaultConfigurationIsVisible = 0;
			defaultConfigurationName = Release;
		};
/* End XCConfigurationList section */
	};
	rootObject = 4ACF97782A85EACD007A2DAE /* Project object */;
}
